
Microsoft Visual Studio Solution File, Format Version 12.00
# Visual Studio Version 16
VisualStudioVersion = 16.0.30907.101
MinimumVisualStudioVersion = 10.0.40219.1
Project("{FAE04EC0-301F-11D3-BF4B-00C04F79EFBC}") = "WPF First Application", "WPF First Application\WPF First Application.csproj", "{837DBA56-6A92-4F9B-A967-ACCA7A79A5FE}"
EndProject
Global
	GlobalSection(SolutionConfigurationPlatforms) = preSolution
		Debug|Any CPU = Debug|Any CPU
		Release|Any CPU = Release|Any CPU
	EndGlobalSection
	GlobalSection(ProjectConfigurationPlatforms) = postSolution
		{837DBA56-6A92-4F9B-A967-ACCA7A79A5FE}.Debug|Any CPU.ActiveCfg = Debug|Any CPU
		{837DBA56-6A92-4F9B-A967-ACCA7A79A5FE}.Debug|Any CPU.Build.0 = Debug|Any CPU
		{837DBA56-6A92-4F9B-A967-ACCA7A79A5FE}.Release|Any CPU.ActiveCfg = Release|Any CPU
		{837DBA56-6A92-4F9B-A967-ACCA7A79A5FE}.Release|Any CPU.Build.0 = Release|Any CPU
	EndGlobalSection
	GlobalSection(SolutionProperties) = preSolution
		HideSolutionNode = FALSE
	EndGlobalSection
	GlobalSection(ExtensibilityGlobals) = postSolution
		SolutionGuid = {8344B071-450E-4685-BC02-F1547E9E5F70}
	EndGlobalSection
EndGlobal
