
Microsoft Visual Studio Solution File, Format Version 12.00
# Visual Studio Version 16
VisualStudioVersion = 16.0.30907.101
MinimumVisualStudioVersion = 10.0.40219.1
Project("{FAE04EC0-301F-11D3-BF4B-00C04F79EFBC}") = "(P) WPF - Classes", "(P) WPF - Classes\(P) WPF - Classes.csproj", "{43C07C33-ED51-4390-8489-7895606D1094}"
EndProject
Global
	GlobalSection(SolutionConfigurationPlatforms) = preSolution
		Debug|Any CPU = Debug|Any CPU
		Release|Any CPU = Release|Any CPU
	EndGlobalSection
	GlobalSection(ProjectConfigurationPlatforms) = postSolution
		{43C07C33-ED51-4390-8489-7895606D1094}.Debug|Any CPU.ActiveCfg = Debug|Any CPU
		{43C07C33-ED51-4390-8489-7895606D1094}.Debug|Any CPU.Build.0 = Debug|Any CPU
		{43C07C33-ED51-4390-8489-7895606D1094}.Release|Any CPU.ActiveCfg = Release|Any CPU
		{43C07C33-ED51-4390-8489-7895606D1094}.Release|Any CPU.Build.0 = Release|Any CPU
	EndGlobalSection
	GlobalSection(SolutionProperties) = preSolution
		HideSolutionNode = FALSE
	EndGlobalSection
	GlobalSection(ExtensibilityGlobals) = postSolution
		SolutionGuid = {52909C0F-3388-4861-B669-F212635A35F2}
	EndGlobalSection
EndGlobal
